// !$*UTF8*$!
{
	archiveVersion = 1;
	classes = {
	};
	objectVersion = 46;
	objects = {

/* Begin PBXBuildFile section */
		B7A0047419D50CDF0038979F /* main.m in Sources */ = {isa = PBXBuildFile; fileRef = B7A0047319D50CDF0038979F /* main.m */; };
		B7A0047719D50CDF0038979F /* AppDelegate.m in Sources */ = {isa = PBXBuildFile; fileRef = B7A0047619D50CDF0038979F /* AppDelegate.m */; };
		B7A0047A19D50CDF0038979F /* ViewController.m in Sources */ = {isa = PBXBuildFile; fileRef = B7A0047919D50CDF0038979F /* ViewController.m */; };
		B7A0047D19D50CDF0038979F /* Main.storyboard in Resources */ = {isa = PBXBuildFile; fileRef = B7A0047B19D50CDF0038979F /* Main.storyboard */; };
		B7A0047F19D50CDF0038979F /* Images.xcassets in Resources */ = {isa = PBXBuildFile; fileRef = B7A0047E19D50CDF0038979F /* Images.xcassets */; };
		B7A0048B19D50CE00038979F /* ParseTests.m in Sources */ = {isa = PBXBuildFile; fileRef = B7A0048A19D50CE00038979F /* ParseTests.m */; };
		B7A0049719D50EF40038979F /* LoginViewController.m in Sources */ = {isa = PBXBuildFile; fileRef = B7A0049519D50EF40038979F /* LoginViewController.m */; };
		B7A0049819D50EF40038979F /* LoginViewController.xib in Resources */ = {isa = PBXBuildFile; fileRef = B7A0049619D50EF40038979F /* LoginViewController.xib */; };
		C7E995944D224E029DE3CECC /* libPods.a in Frameworks */ = {isa = PBXBuildFile; fileRef = A7602999DE774D389C208ABD /* libPods.a */; };
/* End PBXBuildFile section */

/* Begin PBXContainerItemProxy section */
		B7A0048519D50CE00038979F /* PBXContainerItemProxy */ = {
			isa = PBXContainerItemProxy;
			containerPortal = B7A0046619D50CDF0038979F /* Project object */;
			proxyType = 1;
			remoteGlobalIDString = B7A0046D19D50CDF0038979F;
			remoteInfo = Parse;
		};
/* End PBXContainerItemProxy section */

/* Begin PBXFileReference section */
		A7602999DE774D389C208ABD /* libPods.a */ = {isa = PBXFileReference; explicitFileType = archive.ar; includeInIndex = 0; path = libPods.a; sourceTree = BUILT_PRODUCTS_DIR; };
		B68AD46C023C470AA262473A /* Pods.xcconfig */ = {isa = PBXFileReference; includeInIndex = 1; lastKnownFileType = text.xcconfig; name = Pods.xcconfig; path = Pods/Pods.xcconfig; sourceTree = "<group>"; };
		B7A0046E19D50CDF0038979F /* Parse.app */ = {isa = PBXFileReference; explicitFileType = wrapper.application; includeInIndex = 0; path = Parse.app; sourceTree = BUILT_PRODUCTS_DIR; };
		B7A0047219D50CDF0038979F /* Info.plist */ = {isa = PBXFileReference; lastKnownFileType = text.plist.xml; path = Info.plist; sourceTree = "<group>"; };
		B7A0047319D50CDF0038979F /* main.m */ = {isa = PBXFileReference; lastKnownFileType = sourcecode.c.objc; path = main.m; sourceTree = "<group>"; };
		B7A0047519D50CDF0038979F /* AppDelegate.h */ = {isa = PBXFileReference; lastKnownFileType = sourcecode.c.h; path = AppDelegate.h; sourceTree = "<group>"; };
		B7A0047619D50CDF0038979F /* AppDelegate.m */ = {isa = PBXFileReference; lastKnownFileType = sourcecode.c.objc; path = AppDelegate.m; sourceTree = "<group>"; };
		B7A0047819D50CDF0038979F /* ViewController.h */ = {isa = PBXFileReference; lastKnownFileType = sourcecode.c.h; path = ViewController.h; sourceTree = "<group>"; };
		B7A0047919D50CDF0038979F /* ViewController.m */ = {isa = PBXFileReference; lastKnownFileType = sourcecode.c.objc; path = ViewController.m; sourceTree = "<group>"; };
		B7A0047C19D50CDF0038979F /* Base */ = {isa = PBXFileReference; lastKnownFileType = file.storyboard; name = Base; path = Base.lproj/Main.storyboard; sourceTree = "<group>"; };
		B7A0047E19D50CDF0038979F /* Images.xcassets */ = {isa = PBXFileReference; lastKnownFileType = folder.assetcatalog; path = Images.xcassets; sourceTree = "<group>"; };
		B7A0048419D50CDF0038979F /* ParseTests.xctest */ = {isa = PBXFileReference; explicitFileType = wrapper.cfbundle; includeInIndex = 0; path = ParseTests.xctest; sourceTree = BUILT_PRODUCTS_DIR; };
		B7A0048919D50CE00038979F /* Info.plist */ = {isa = PBXFileReference; lastKnownFileType = text.plist.xml; path = Info.plist; sourceTree = "<group>"; };
		B7A0048A19D50CE00038979F /* ParseTests.m */ = {isa = PBXFileReference; lastKnownFileType = sourcecode.c.objc; path = ParseTests.m; sourceTree = "<group>"; };
		B7A0049419D50EF40038979F /* LoginViewController.h */ = {isa = PBXFileReference; fileEncoding = 4; lastKnownFileType = sourcecode.c.h; path = LoginViewController.h; sourceTree = "<group>"; };
		B7A0049519D50EF40038979F /* LoginViewController.m */ = {isa = PBXFileReference; fileEncoding = 4; lastKnownFileType = sourcecode.c.objc; path = LoginViewController.m; sourceTree = "<group>"; };
		B7A0049619D50EF40038979F /* LoginViewController.xib */ = {isa = PBXFileReference; fileEncoding = 4; lastKnownFileType = file.xib; path = LoginViewController.xib; sourceTree = "<group>"; };
/* End PBXFileReference section */

/* Begin PBXFrameworksBuildPhase section */
		B7A0046B19D50CDF0038979F /* Frameworks */ = {
			isa = PBXFrameworksBuildPhase;
			buildActionMask = 2147483647;
			files = (
				C7E995944D224E029DE3CECC /* libPods.a in Frameworks */,
			);
			runOnlyForDeploymentPostprocessing = 0;
		};
		B7A0048119D50CDF0038979F /* Frameworks */ = {
			isa = PBXFrameworksBuildPhase;
			buildActionMask = 2147483647;
			files = (
			);
			runOnlyForDeploymentPostprocessing = 0;
		};
/* End PBXFrameworksBuildPhase section */

/* Begin PBXGroup section */
		2E28AD3A83F949ED9B29DB7E /* Frameworks */ = {
			isa = PBXGroup;
			children = (
				A7602999DE774D389C208ABD /* libPods.a */,
			);
			name = Frameworks;
			sourceTree = "<group>";
		};
		B7A0046519D50CDF0038979F = {
			isa = PBXGroup;
			children = (
				B7A0047019D50CDF0038979F /* Parse */,
				B7A0048719D50CE00038979F /* ParseTests */,
				B7A0046F19D50CDF0038979F /* Products */,
				B68AD46C023C470AA262473A /* Pods.xcconfig */,
				2E28AD3A83F949ED9B29DB7E /* Frameworks */,
			);
			sourceTree = "<group>";
		};
		B7A0046F19D50CDF0038979F /* Products */ = {
			isa = PBXGroup;
			children = (
				B7A0046E19D50CDF0038979F /* Parse.app */,
				B7A0048419D50CDF0038979F /* ParseTests.xctest */,
			);
			name = Products;
			sourceTree = "<group>";
		};
		B7A0047019D50CDF0038979F /* Parse */ = {
			isa = PBXGroup;
			children = (
				B7A0047519D50CDF0038979F /* AppDelegate.h */,
				B7A0047619D50CDF0038979F /* AppDelegate.m */,
				B7A0047819D50CDF0038979F /* ViewController.h */,
				B7A0047919D50CDF0038979F /* ViewController.m */,
				B7A0047B19D50CDF0038979F /* Main.storyboard */,
				B7A0047E19D50CDF0038979F /* Images.xcassets */,
				B7A0047119D50CDF0038979F /* Supporting Files */,
				B7A0049419D50EF40038979F /* LoginViewController.h */,
				B7A0049519D50EF40038979F /* LoginViewController.m */,
				B7A0049619D50EF40038979F /* LoginViewController.xib */,
			);
			path = Parse;
			sourceTree = "<group>";
		};
		B7A0047119D50CDF0038979F /* Supporting Files */ = {
			isa = PBXGroup;
			children = (
				B7A0047219D50CDF0038979F /* Info.plist */,
				B7A0047319D50CDF0038979F /* main.m */,
			);
			name = "Supporting Files";
			sourceTree = "<group>";
		};
		B7A0048719D50CE00038979F /* ParseTests */ = {
			isa = PBXGroup;
			children = (
				B7A0048A19D50CE00038979F /* ParseTests.m */,
				B7A0048819D50CE00038979F /* Supporting Files */,
			);
			path = ParseTests;
			sourceTree = "<group>";
		};
		B7A0048819D50CE00038979F /* Supporting Files */ = {
			isa = PBXGroup;
			children = (
				B7A0048919D50CE00038979F /* Info.plist */,
			);
			name = "Supporting Files";
			sourceTree = "<group>";
		};
/* End PBXGroup section */

/* Begin PBXNativeTarget section */
		B7A0046D19D50CDF0038979F /* Parse */ = {
			isa = PBXNativeTarget;
			buildConfigurationList = B7A0048E19D50CE00038979F /* Build configuration list for PBXNativeTarget "Parse" */;
			buildPhases = (
				103AB67578CF4ED9901736F8 /* Check Pods Manifest.lock */,
				B7A0046A19D50CDF0038979F /* Sources */,
				B7A0046B19D50CDF0038979F /* Frameworks */,
				B7A0046C19D50CDF0038979F /* Resources */,
				4BCC6FB4AE1F41A3A8A26EC4 /* Copy Pods Resources */,
			);
			buildRules = (
			);
			dependencies = (
			);
			name = Parse;
			productName = Parse;
			productReference = B7A0046E19D50CDF0038979F /* Parse.app */;
			productType = "com.apple.product-type.application";
		};
		B7A0048319D50CDF0038979F /* ParseTests */ = {
			isa = PBXNativeTarget;
			buildConfigurationList = B7A0049119D50CE00038979F /* Build configuration list for PBXNativeTarget "ParseTests" */;
			buildPhases = (
				B7A0048019D50CDF0038979F /* Sources */,
				B7A0048119D50CDF0038979F /* Frameworks */,
				B7A0048219D50CDF0038979F /* Resources */,
			);
			buildRules = (
			);
			dependencies = (
				B7A0048619D50CE00038979F /* PBXTargetDependency */,
			);
			name = ParseTests;
			productName = ParseTests;
			productReference = B7A0048419D50CDF0038979F /* ParseTests.xctest */;
			productType = "com.apple.product-type.bundle.unit-test";
		};
/* End PBXNativeTarget section */

/* Begin PBXProject section */
		B7A0046619D50CDF0038979F /* Project object */ = {
			isa = PBXProject;
			attributes = {
				LastUpgradeCheck = 0600;
				ORGANIZATIONNAME = "Taomin Chang";
				TargetAttributes = {
					B7A0046D19D50CDF0038979F = {
						CreatedOnToolsVersion = 6.0;
					};
					B7A0048319D50CDF0038979F = {
						CreatedOnToolsVersion = 6.0;
						TestTargetID = B7A0046D19D50CDF0038979F;
					};
				};
			};
			buildConfigurationList = B7A0046919D50CDF0038979F /* Build configuration list for PBXProject "Parse" */;
			compatibilityVersion = "Xcode 3.2";
			developmentRegion = English;
			hasScannedForEncodings = 0;
			knownRegions = (
				en,
				Base,
			);
			mainGroup = B7A0046519D50CDF0038979F;
			productRefGroup = B7A0046F19D50CDF0038979F /* Products */;
			projectDirPath = "";
			projectRoot = "";
			targets = (
				B7A0046D19D50CDF0038979F /* Parse */,
				B7A0048319D50CDF0038979F /* ParseTests */,
			);
		};
/* End PBXProject section */

/* Begin PBXResourcesBuildPhase section */
		B7A0046C19D50CDF0038979F /* Resources */ = {
			isa = PBXResourcesBuildPhase;
			buildActionMask = 2147483647;
			files = (
				B7A0047D19D50CDF0038979F /* Main.storyboard in Resources */,
				B7A0047F19D50CDF0038979F /* Images.xcassets in Resources */,
				B7A0049819D50EF40038979F /* LoginViewController.xib in Resources */,
			);
			runOnlyForDeploymentPostprocessing = 0;
		};
		B7A0048219D50CDF0038979F /* Resources */ = {
			isa = PBXResourcesBuildPhase;
			buildActionMask = 2147483647;
			files = (
			);
			runOnlyForDeploymentPostprocessing = 0;
		};
/* End PBXResourcesBuildPhase section */

/* Begin PBXShellScriptBuildPhase section */
		103AB67578CF4ED9901736F8 /* Check Pods Manifest.lock */ = {
			isa = PBXShellScriptBuildPhase;
			buildActionMask = 2147483647;
			files = (
			);
			inputPaths = (
			);
			name = "Check Pods Manifest.lock";
			outputPaths = (
			);
			runOnlyForDeploymentPostprocessing = 0;
			shellPath = /bin/sh;
			shellScript = "diff \"${PODS_ROOT}/../Podfile.lock\" \"${PODS_ROOT}/Manifest.lock\" > /dev/null\nif [[ $? != 0 ]] ; then\n    cat << EOM\nerror: The sandbox is not in sync with the Podfile.lock. Run 'pod install' or update your CocoaPods installation.\nEOM\n    exit 1\nfi\n";
			showEnvVarsInLog = 0;
		};
		4BCC6FB4AE1F41A3A8A26EC4 /* Copy Pods Resources */ = {
			isa = PBXShellScriptBuildPhase;
			buildActionMask = 2147483647;
			files = (
			);
			inputPaths = (
			);
			name = "Copy Pods Resources";
			outputPaths = (
			);
			runOnlyForDeploymentPostprocessing = 0;
			shellPath = /bin/sh;
			shellScript = "\"${SRCROOT}/Pods/Pods-resources.sh\"\n";
			showEnvVarsInLog = 0;
		};
/* End PBXShellScriptBuildPhase section */

/* Begin PBXSourcesBuildPhase section */
		B7A0046A19D50CDF0038979F /* Sources */ = {
			isa = PBXSourcesBuildPhase;
			buildActionMask = 2147483647;
			files = (
				B7A0049719D50EF40038979F /* LoginViewController.m in Sources */,
				B7A0047A19D50CDF0038979F /* ViewController.m in Sources */,
				B7A0047719D50CDF0038979F /* AppDelegate.m in Sources */,
				B7A0047419D50CDF0038979F /* main.m in Sources */,
			);
			runOnlyForDeploymentPostprocessing = 0;
		};
		B7A0048019D50CDF0038979F /* Sources */ = {
			isa = PBXSourcesBuildPhase;
			buildActionMask = 2147483647;
			files = (
				B7A0048B19D50CE00038979F /* ParseTests.m in Sources */,
			);
			runOnlyForDeploymentPostprocessing = 0;
		};
/* End PBXSourcesBuildPhase section */

/* Begin PBXTargetDependency section */
		B7A0048619D50CE00038979F /* PBXTargetDependency */ = {
			isa = PBXTargetDependency;
			target = B7A0046D19D50CDF0038979F /* Parse */;
			targetProxy = B7A0048519D50CE00038979F /* PBXContainerItemProxy */;
		};
/* End PBXTargetDependency section */

/* Begin PBXVariantGroup section */
		B7A0047B19D50CDF0038979F /* Main.storyboard */ = {
			isa = PBXVariantGroup;
			children = (
				B7A0047C19D50CDF0038979F /* Base */,
			);
			name = Main.storyboard;
			sourceTree = "<group>";
		};
/* End PBXVariantGroup section */

/* Begin XCBuildConfiguration section */
		B7A0048C19D50CE00038979F /* Debug */ = {
			isa = XCBuildConfiguration;
			buildSettings = {
				ALWAYS_SEARCH_USER_PATHS = NO;
				CLANG_CXX_LANGUAGE_STANDARD = "gnu++0x";
				CLANG_CXX_LIBRARY = "libc++";
				CLANG_ENABLE_MODULES = YES;
				CLANG_ENABLE_OBJC_ARC = YES;
				CLANG_WARN_BOOL_CONVERSION = YES;
				CLANG_WARN_CONSTANT_CONVERSION = YES;
				CLANG_WARN_DIRECT_OBJC_ISA_USAGE = YES_ERROR;
				CLANG_WARN_EMPTY_BODY = YES;
				CLANG_WARN_ENUM_CONVERSION = YES;
				CLANG_WARN_INT_CONVERSION = YES;
				CLANG_WARN_OBJC_ROOT_CLASS = YES_ERROR;
				CLANG_WARN_UNREACHABLE_CODE = YES;
				CLANG_WARN__DUPLICATE_METHOD_MATCH = YES;
				"CODE_SIGN_IDENTITY[sdk=iphoneos*]" = "iPhone Developer";
				COPY_PHASE_STRIP = NO;
				ENABLE_STRICT_OBJC_MSGSEND = YES;
				GCC_C_LANGUAGE_STANDARD = gnu99;
				GCC_DYNAMIC_NO_PIC = NO;
				GCC_OPTIMIZATION_LEVEL = 0;
				GCC_PREPROCESSOR_DEFINITIONS = (
					"DEBUG=1",
					"$(inherited)",
				);
				GCC_SYMBOLS_PRIVATE_EXTERN = NO;
				GCC_WARN_64_TO_32_BIT_CONVERSION = YES;
				GCC_WARN_ABOUT_RETURN_TYPE = YES_ERROR;
				GCC_WARN_UNDECLARED_SELECTOR = YES;
				GCC_WARN_UNINITIALIZED_AUTOS = YES_AGGRESSIVE;
				GCC_WARN_UNUSED_FUNCTION = YES;
				GCC_WARN_UNUSED_VARIABLE = YES;
				IPHONEOS_DEPLOYMENT_TARGET = 8.0;
				MTL_ENABLE_DEBUG_INFO = YES;
				ONLY_ACTIVE_ARCH = YES;
				SDKROOT = iphoneos;
			};
			name = Debug;
		};
		B7A0048D19D50CE00038979F /* Release */ = {
			isa = XCBuildConfiguration;
			buildSettings = {
				ALWAYS_SEARCH_USER_PATHS = NO;
				CLANG_CXX_LANGUAGE_STANDARD = "gnu++0x";
				CLANG_CXX_LIBRARY = "libc++";
				CLANG_ENABLE_MODULES = YES;
				CLANG_ENABLE_OBJC_ARC = YES;
				CLANG_WARN_BOOL_CONVERSION = YES;
				CLANG_WARN_CONSTANT_CONVERSION = YES;
				CLANG_WARN_DIRECT_OBJC_ISA_USAGE = YES_ERROR;
				CLANG_WARN_EMPTY_BODY = YES;
				CLANG_WARN_ENUM_CONVERSION = YES;
				CLANG_WARN_INT_CONVERSION = YES;
				CLANG_WARN_OBJC_ROOT_CLASS = YES_ERROR;
				CLANG_WARN_UNREACHABLE_CODE = YES;
				CLANG_WARN__DUPLICATE_METHOD_MATCH = YES;
				"CODE_SIGN_IDENTITY[sdk=iphoneos*]" = "iPhone Developer";
				COPY_PHASE_STRIP = YES;
				ENABLE_NS_ASSERTIONS = NO;
				ENABLE_STRICT_OBJC_MSGSEND = YES;
				GCC_C_LANGUAGE_STANDARD = gnu99;
				GCC_WARN_64_TO_32_BIT_CONVERSION = YES;
				GCC_WARN_ABOUT_RETURN_TYPE = YES_ERROR;
				GCC_WARN_UNDECLARED_SELECTOR = YES;
				GCC_WARN_UNINITIALIZED_AUTOS = YES_AGGRESSIVE;
				GCC_WARN_UNUSED_FUNCTION = YES;
				GCC_WARN_UNUSED_VARIABLE = YES;
				IPHONEOS_DEPLOYMENT_TARGET = 8.0;
				MTL_ENABLE_DEBUG_INFO = NO;
				SDKROOT = iphoneos;
				VALIDATE_PRODUCT = YES;
			};
			name = Release;
		};
		B7A0048F19D50CE00038979F /* Debug */ = {
			isa = XCBuildConfiguration;
			baseConfigurationReference = B68AD46C023C470AA262473A /* Pods.xcconfig */;
			buildSettings = {
				ASSETCATALOG_COMPILER_APPICON_NAME = AppIcon;
				ASSETCATALOG_COMPILER_LAUNCHIMAGE_NAME = LaunchImage;
				INFOPLIST_FILE = Parse/Info.plist;
				LD_RUNPATH_SEARCH_PATHS = "$(inherited) @executable_path/Frameworks";
				PRODUCT_NAME = "$(TARGET_NAME)";
			};
			name = Debug;
		};
		B7A0049019D50CE00038979F /* Release */ = {
			isa = XCBuildConfiguration;
			baseConfigurationReference = B68AD46C023C470AA262473A /* Pods.xcconfig */;
			buildSettings = {
				ASSETCATALOG_COMPILER_APPICON_NAME = AppIcon;
				ASSETCATALOG_COMPILER_LAUNCHIMAGE_NAME = LaunchImage;
				INFOPLIST_FILE = Parse/Info.plist;
				LD_RUNPATH_SEARCH_PATHS = "$(inherited) @executable_path/Frameworks";
				PRODUCT_NAME = "$(TARGET_NAME)";
			};
			name = Release;
		};
		B7A0049219D50CE00038979F /* Debug */ = {
			isa = XCBuildConfiguration;
			buildSettings = {
				BUNDLE_LOADER = "$(TEST_HOST)";
				FRAMEWORK_SEARCH_PATHS = (
					"$(SDKROOT)/Developer/Library/Frameworks",
					"$(inherited)",
				);
				GCC_PREPROCESSOR_DEFINITIONS = (
					"DEBUG=1",
					"$(inherited)",
				);
				INFOPLIST_FILE = ParseTests/Info.plist;
				LD_RUNPATH_SEARCH_PATHS = "$(inherited) @executable_path/Frameworks @loader_path/Frameworks";
				PRODUCT_NAME = "$(TARGET_NAME)";
				TEST_HOST = "$(BUILT_PRODUCTS_DIR)/Parse.app/Parse";
			};
			name = Debug;
		};
		B7A0049319D50CE00038979F /* Release */ = {
			isa = XCBuildConfiguration;
			buildSettings = {
				BUNDLE_LOADER = "$(TEST_HOST)";
				FRAMEWORK_SEARCH_PATHS = (
					"$(SDKROOT)/Developer/Library/Frameworks",
					"$(inherited)",
				);
				INFOPLIST_FILE = ParseTests/Info.plist;
				LD_RUNPATH_SEARCH_PATHS = "$(inherited) @executable_path/Frameworks @loader_path/Frameworks";
				PRODUCT_NAME = "$(TARGET_NAME)";
				TEST_HOST = "$(BUILT_PRODUCTS_DIR)/Parse.app/Parse";
			};
			name = Release;
		};
/* End XCBuildConfiguration section */

/* Begin XCConfigurationList section */
		B7A0046919D50CDF0038979F /* Build configuration list for PBXProject "Parse" */ = {
			isa = XCConfigurationList;
			buildConfigurations = (
				B7A0048C19D50CE00038979F /* Debug */,
				B7A0048D19D50CE00038979F /* Release */,
			);
			defaultConfigurationIsVisible = 0;
			defaultConfigurationName = Release;
		};
		B7A0048E19D50CE00038979F /* Build configuration list for PBXNativeTarget "Parse" */ = {
			isa = XCConfigurationList;
			buildConfigurations = (
				B7A0048F19D50CE00038979F /* Debug */,
				B7A0049019D50CE00038979F /* Release */,
			);
			defaultConfigurationIsVisible = 0;
			defaultConfigurationName = Release;
		};
		B7A0049119D50CE00038979F /* Build configuration list for PBXNativeTarget "ParseTests" */ = {
			isa = XCConfigurationList;
			buildConfigurations = (
				B7A0049219D50CE00038979F /* Debug */,
				B7A0049319D50CE00038979F /* Release */,
			);
			defaultConfigurationIsVisible = 0;
			defaultConfigurationName = Release;
		};
/* End XCConfigurationList section */
	};
	rootObject = B7A0046619D50CDF0038979F /* Project object */;
}
